// !$*UTF8*$!
{
	archiveVersion = 1;
	classes = {
	};
	objectVersion = 50;
	objects = {

/* Begin PBXBuildFile section */
		CC6C2FD6242FBC5D00401937 /* AppDelegate.swift in Sources */ = {isa = PBXBuildFile; fileRef = CC6C2FD5242FBC5D00401937 /* AppDelegate.swift */; };
		CC6C2FD8242FBC5D00401937 /* SceneDelegate.swift in Sources */ = {isa = PBXBuildFile; fileRef = CC6C2FD7242FBC5D00401937 /* SceneDelegate.swift */; };
		CC6C2FDF242FBC6000401937 /* Assets.xcassets in Resources */ = {isa = PBXBuildFile; fileRef = CC6C2FDE242FBC6000401937 /* Assets.xcassets */; };
		CC6C2FE2242FBC6000401937 /* LaunchScreen.storyboard in Resources */ = {isa = PBXBuildFile; fileRef = CC6C2FE0242FBC6000401937 /* LaunchScreen.storyboard */; };
		CC6C2FED242FC65E00401937 /* GTTabBarController.swift in Sources */ = {isa = PBXBuildFile; fileRef = CC6C2FEC242FC65E00401937 /* GTTabBarController.swift */; };
		CC6C2FF0242FCB4C00401937 /* HomeVC.swift in Sources */ = {isa = PBXBuildFile; fileRef = CC6C2FEF242FCB4C00401937 /* HomeVC.swift */; };
/* End PBXBuildFile section */

/* Begin PBXFileReference section */
		CC6C2FD2242FBC5D00401937 /* Get2It.app */ = {isa = PBXFileReference; explicitFileType = wrapper.application; includeInIndex = 0; path = Get2It.app; sourceTree = BUILT_PRODUCTS_DIR; };
		CC6C2FD5242FBC5D00401937 /* AppDelegate.swift */ = {isa = PBXFileReference; lastKnownFileType = sourcecode.swift; path = AppDelegate.swift; sourceTree = "<group>"; };
		CC6C2FD7242FBC5D00401937 /* SceneDelegate.swift */ = {isa = PBXFileReference; lastKnownFileType = sourcecode.swift; path = SceneDelegate.swift; sourceTree = "<group>"; };
		CC6C2FDE242FBC6000401937 /* Assets.xcassets */ = {isa = PBXFileReference; lastKnownFileType = folder.assetcatalog; path = Assets.xcassets; sourceTree = "<group>"; };
		CC6C2FE1242FBC6000401937 /* Base */ = {isa = PBXFileReference; lastKnownFileType = file.storyboard; name = Base; path = Base.lproj/LaunchScreen.storyboard; sourceTree = "<group>"; };
		CC6C2FE3242FBC6000401937 /* Info.plist */ = {isa = PBXFileReference; lastKnownFileType = text.plist.xml; path = Info.plist; sourceTree = "<group>"; };
		CC6C2FEC242FC65E00401937 /* GTTabBarController.swift */ = {isa = PBXFileReference; lastKnownFileType = sourcecode.swift; path = GTTabBarController.swift; sourceTree = "<group>"; };
		CC6C2FEF242FCB4C00401937 /* HomeVC.swift */ = {isa = PBXFileReference; lastKnownFileType = sourcecode.swift; path = HomeVC.swift; sourceTree = "<group>"; };
/* End PBXFileReference section */

/* Begin PBXFrameworksBuildPhase section */
		CC6C2FCF242FBC5D00401937 /* Frameworks */ = {
			isa = PBXFrameworksBuildPhase;
			buildActionMask = 2147483647;
			files = (
			);
			runOnlyForDeploymentPostprocessing = 0;
		};
/* End PBXFrameworksBuildPhase section */

/* Begin PBXGroup section */
		CC6C2FC9242FBC5D00401937 = {
			isa = PBXGroup;
			children = (
				CC6C2FD4242FBC5D00401937 /* Get2It */,
				CC6C2FD3242FBC5D00401937 /* Products */,
			);
			sourceTree = "<group>";
		};
		CC6C2FD3242FBC5D00401937 /* Products */ = {
			isa = PBXGroup;
			children = (
				CC6C2FD2242FBC5D00401937 /* Get2It.app */,
			);
			name = Products;
			sourceTree = "<group>";
		};
		CC6C2FD4242FBC5D00401937 /* Get2It */ = {
			isa = PBXGroup;
			children = (
				CC6C2FEA242FC38800401937 /* Custom Views */,
				CC6C2FE9242FC32400401937 /* Support */,
				CC6C2FEE242FCADC00401937 /* Screens */,
				CC6C2FE3242FBC6000401937 /* Info.plist */,
			);
			path = Get2It;
			sourceTree = "<group>";
		};
		CC6C2FE9242FC32400401937 /* Support */ = {
			isa = PBXGroup;
			children = (
				CC6C2FD5242FBC5D00401937 /* AppDelegate.swift */,
				CC6C2FD7242FBC5D00401937 /* SceneDelegate.swift */,
				CC6C2FDE242FBC6000401937 /* Assets.xcassets */,
				CC6C2FE0242FBC6000401937 /* LaunchScreen.storyboard */,
			);
			path = Support;
			sourceTree = "<group>";
		};
		CC6C2FEA242FC38800401937 /* Custom Views */ = {
			isa = PBXGroup;
			children = (
				CC6C2FEB242FC3AD00401937 /* TabBarControllers */,
			);
			path = "Custom Views";
			sourceTree = "<group>";
		};
		CC6C2FEB242FC3AD00401937 /* TabBarControllers */ = {
			isa = PBXGroup;
			children = (
				CC6C2FEC242FC65E00401937 /* GTTabBarController.swift */,
			);
			path = TabBarControllers;
			sourceTree = "<group>";
		};
		CC6C2FEE242FCADC00401937 /* Screens */ = {
			isa = PBXGroup;
			children = (
				CC6C2FEF242FCB4C00401937 /* HomeVC.swift */,
			);
			path = Screens;
			sourceTree = "<group>";
		};
/* End PBXGroup section */

/* Begin PBXNativeTarget section */
		CC6C2FD1242FBC5D00401937 /* Get2It */ = {
			isa = PBXNativeTarget;
			buildConfigurationList = CC6C2FE6242FBC6000401937 /* Build configuration list for PBXNativeTarget "Get2It" */;
			buildPhases = (
				CC6C2FCE242FBC5D00401937 /* Sources */,
				CC6C2FCF242FBC5D00401937 /* Frameworks */,
				CC6C2FD0242FBC5D00401937 /* Resources */,
			);
			buildRules = (
			);
			dependencies = (
			);
			name = Get2It;
			productName = Get2It;
			productReference = CC6C2FD2242FBC5D00401937 /* Get2It.app */;
			productType = "com.apple.product-type.application";
		};
/* End PBXNativeTarget section */

/* Begin PBXProject section */
		CC6C2FCA242FBC5D00401937 /* Project object */ = {
			isa = PBXProject;
			attributes = {
				LastSwiftUpdateCheck = 1140;
				LastUpgradeCheck = 1140;
				ORGANIZATIONNAME = "John Kouris";
				TargetAttributes = {
					CC6C2FD1242FBC5D00401937 = {
						CreatedOnToolsVersion = 11.4;
					};
				};
			};
			buildConfigurationList = CC6C2FCD242FBC5D00401937 /* Build configuration list for PBXProject "Get2It" */;
			compatibilityVersion = "Xcode 9.3";
			developmentRegion = en;
			hasScannedForEncodings = 0;
			knownRegions = (
				en,
				Base,
			);
			mainGroup = CC6C2FC9242FBC5D00401937;
			productRefGroup = CC6C2FD3242FBC5D00401937 /* Products */;
			projectDirPath = "";
			projectRoot = "";
			targets = (
				CC6C2FD1242FBC5D00401937 /* Get2It */,
			);
		};
/* End PBXProject section */

/* Begin PBXResourcesBuildPhase section */
		CC6C2FD0242FBC5D00401937 /* Resources */ = {
			isa = PBXResourcesBuildPhase;
			buildActionMask = 2147483647;
			files = (
				CC6C2FE2242FBC6000401937 /* LaunchScreen.storyboard in Resources */,
				CC6C2FDF242FBC6000401937 /* Assets.xcassets in Resources */,
			);
			runOnlyForDeploymentPostprocessing = 0;
		};
/* End PBXResourcesBuildPhase section */

/* Begin PBXSourcesBuildPhase section */
		CC6C2FCE242FBC5D00401937 /* Sources */ = {
			isa = PBXSourcesBuildPhase;
			buildActionMask = 2147483647;
			files = (
				CC6C2FED242FC65E00401937 /* GTTabBarController.swift in Sources */,
				CC6C2FF0242FCB4C00401937 /* HomeVC.swift in Sources */,
				CC6C2FD6242FBC5D00401937 /* AppDelegate.swift in Sources */,
				CC6C2FD8242FBC5D00401937 /* SceneDelegate.swift in Sources */,
			);
			runOnlyForDeploymentPostprocessing = 0;
		};
/* End PBXSourcesBuildPhase section */

/* Begin PBXVariantGroup section */
		CC6C2FE0242FBC6000401937 /* LaunchScreen.storyboard */ = {
			isa = PBXVariantGroup;
			children = (
				CC6C2FE1242FBC6000401937 /* Base */,
			);
			name = LaunchScreen.storyboard;
			sourceTree = "<group>";
		};
/* End PBXVariantGroup section */

/* Begin XCBuildConfiguration section */
		CC6C2FE4242FBC6000401937 /* Debug */ = {
			isa = XCBuildConfiguration;
			buildSettings = {
				ALWAYS_SEARCH_USER_PATHS = NO;
				CLANG_ANALYZER_NONNULL = YES;
				CLANG_ANALYZER_NUMBER_OBJECT_CONVERSION = YES_AGGRESSIVE;
				CLANG_CXX_LANGUAGE_STANDARD = "gnu++14";
				CLANG_CXX_LIBRARY = "libc++";
				CLANG_ENABLE_MODULES = YES;
				CLANG_ENABLE_OBJC_ARC = YES;
				CLANG_ENABLE_OBJC_WEAK = YES;
				CLANG_WARN_BLOCK_CAPTURE_AUTORELEASING = YES;
				CLANG_WARN_BOOL_CONVERSION = YES;
				CLANG_WARN_COMMA = YES;
				CLANG_WARN_CONSTANT_CONVERSION = YES;
				CLANG_WARN_DEPRECATED_OBJC_IMPLEMENTATIONS = YES;
				CLANG_WARN_DIRECT_OBJC_ISA_USAGE = YES_ERROR;
				CLANG_WARN_DOCUMENTATION_COMMENTS = YES;
				CLANG_WARN_EMPTY_BODY = YES;
				CLANG_WARN_ENUM_CONVERSION = YES;
				CLANG_WARN_INFINITE_RECURSION = YES;
				CLANG_WARN_INT_CONVERSION = YES;
				CLANG_WARN_NON_LITERAL_NULL_CONVERSION = YES;
				CLANG_WARN_OBJC_IMPLICIT_RETAIN_SELF = YES;
				CLANG_WARN_OBJC_LITERAL_CONVERSION = YES;
				CLANG_WARN_OBJC_ROOT_CLASS = YES_ERROR;
				CLANG_WARN_RANGE_LOOP_ANALYSIS = YES;
				CLANG_WARN_STRICT_PROTOTYPES = YES;
				CLANG_WARN_SUSPICIOUS_MOVE = YES;
				CLANG_WARN_UNGUARDED_AVAILABILITY = YES_AGGRESSIVE;
				CLANG_WARN_UNREACHABLE_CODE = YES;
				CLANG_WARN__DUPLICATE_METHOD_MATCH = YES;
				COPY_PHASE_STRIP = NO;
				DEBUG_INFORMATION_FORMAT = dwarf;
				ENABLE_STRICT_OBJC_MSGSEND = YES;
				ENABLE_TESTABILITY = YES;
				GCC_C_LANGUAGE_STANDARD = gnu11;
				GCC_DYNAMIC_NO_PIC = NO;
				GCC_NO_COMMON_BLOCKS = YES;
				GCC_OPTIMIZATION_LEVEL = 0;
				GCC_PREPROCESSOR_DEFINITIONS = (
					"DEBUG=1",
					"$(inherited)",
				);
				GCC_WARN_64_TO_32_BIT_CONVERSION = YES;
				GCC_WARN_ABOUT_RETURN_TYPE = YES_ERROR;
				GCC_WARN_UNDECLARED_SELECTOR = YES;
				GCC_WARN_UNINITIALIZED_AUTOS = YES_AGGRESSIVE;
				GCC_WARN_UNUSED_FUNCTION = YES;
				GCC_WARN_UNUSED_VARIABLE = YES;
				IPHONEOS_DEPLOYMENT_TARGET = 13.4;
				MTL_ENABLE_DEBUG_INFO = INCLUDE_SOURCE;
				MTL_FAST_MATH = YES;
				ONLY_ACTIVE_ARCH = YES;
				SDKROOT = iphoneos;
				SWIFT_ACTIVE_COMPILATION_CONDITIONS = DEBUG;
				SWIFT_OPTIMIZATION_LEVEL = "-Onone";
			};
			name = Debug;
		};
		CC6C2FE5242FBC6000401937 /* Release */ = {
			isa = XCBuildConfiguration;
			buildSettings = {
				ALWAYS_SEARCH_USER_PATHS = NO;
				CLANG_ANALYZER_NONNULL = YES;
				CLANG_ANALYZER_NUMBER_OBJECT_CONVERSION = YES_AGGRESSIVE;
				CLANG_CXX_LANGUAGE_STANDARD = "gnu++14";
				CLANG_CXX_LIBRARY = "libc++";
				CLANG_ENABLE_MODULES = YES;
				CLANG_ENABLE_OBJC_ARC = YES;
				CLANG_ENABLE_OBJC_WEAK = YES;
				CLANG_WARN_BLOCK_CAPTURE_AUTORELEASING = YES;
				CLANG_WARN_BOOL_CONVERSION = YES;
				CLANG_WARN_COMMA = YES;
				CLANG_WARN_CONSTANT_CONVERSION = YES;
				CLANG_WARN_DEPRECATED_OBJC_IMPLEMENTATIONS = YES;
				CLANG_WARN_DIRECT_OBJC_ISA_USAGE = YES_ERROR;
				CLANG_WARN_DOCUMENTATION_COMMENTS = YES;
				CLANG_WARN_EMPTY_BODY = YES;
				CLANG_WARN_ENUM_CONVERSION = YES;
				CLANG_WARN_INFINITE_RECURSION = YES;
				CLANG_WARN_INT_CONVERSION = YES;
				CLANG_WARN_NON_LITERAL_NULL_CONVERSION = YES;
				CLANG_WARN_OBJC_IMPLICIT_RETAIN_SELF = YES;
				CLANG_WARN_OBJC_LITERAL_CONVERSION = YES;
				CLANG_WARN_OBJC_ROOT_CLASS = YES_ERROR;
				CLANG_WARN_RANGE_LOOP_ANALYSIS = YES;
				CLANG_WARN_STRICT_PROTOTYPES = YES;
				CLANG_WARN_SUSPICIOUS_MOVE = YES;
				CLANG_WARN_UNGUARDED_AVAILABILITY = YES_AGGRESSIVE;
				CLANG_WARN_UNREACHABLE_CODE = YES;
				CLANG_WARN__DUPLICATE_METHOD_MATCH = YES;
				COPY_PHASE_STRIP = NO;
				DEBUG_INFORMATION_FORMAT = "dwarf-with-dsym";
				ENABLE_NS_ASSERTIONS = NO;
				ENABLE_STRICT_OBJC_MSGSEND = YES;
				GCC_C_LANGUAGE_STANDARD = gnu11;
				GCC_NO_COMMON_BLOCKS = YES;
				GCC_WARN_64_TO_32_BIT_CONVERSION = YES;
				GCC_WARN_ABOUT_RETURN_TYPE = YES_ERROR;
				GCC_WARN_UNDECLARED_SELECTOR = YES;
				GCC_WARN_UNINITIALIZED_AUTOS = YES_AGGRESSIVE;
				GCC_WARN_UNUSED_FUNCTION = YES;
				GCC_WARN_UNUSED_VARIABLE = YES;
				IPHONEOS_DEPLOYMENT_TARGET = 13.4;
				MTL_ENABLE_DEBUG_INFO = NO;
				MTL_FAST_MATH = YES;
				SDKROOT = iphoneos;
				SWIFT_COMPILATION_MODE = wholemodule;
				SWIFT_OPTIMIZATION_LEVEL = "-O";
				VALIDATE_PRODUCT = YES;
			};
			name = Release;
		};
		CC6C2FE7242FBC6000401937 /* Debug */ = {
			isa = XCBuildConfiguration;
			buildSettings = {
				ASSETCATALOG_COMPILER_APPICON_NAME = AppIcon;
				CODE_SIGN_STYLE = Automatic;
				DEVELOPMENT_TEAM = SE96QQ4Q6G;
				INFOPLIST_FILE = Get2It/Info.plist;
				LD_RUNPATH_SEARCH_PATHS = (
					"$(inherited)",
					"@executable_path/Frameworks",
				);
				PRODUCT_BUNDLE_IDENTIFIER = com.JohnKouris.Get2It;
				PRODUCT_NAME = "$(TARGET_NAME)";
				SWIFT_VERSION = 5.0;
				TARGETED_DEVICE_FAMILY = "1,2";
			};
			name = Debug;
		};
		CC6C2FE8242FBC6000401937 /* Release */ = {
			isa = XCBuildConfiguration;
			buildSettings = {
				ASSETCATALOG_COMPILER_APPICON_NAME = AppIcon;
				CODE_SIGN_STYLE = Automatic;
				DEVELOPMENT_TEAM = SE96QQ4Q6G;
				INFOPLIST_FILE = Get2It/Info.plist;
				LD_RUNPATH_SEARCH_PATHS = (
					"$(inherited)",
					"@executable_path/Frameworks",
				);
				PRODUCT_BUNDLE_IDENTIFIER = com.JohnKouris.Get2It;
				PRODUCT_NAME = "$(TARGET_NAME)";
				SWIFT_VERSION = 5.0;
				TARGETED_DEVICE_FAMILY = "1,2";
			};
			name = Release;
		};
/* End XCBuildConfiguration section */

/* Begin XCConfigurationList section */
		CC6C2FCD242FBC5D00401937 /* Build configuration list for PBXProject "Get2It" */ = {
			isa = XCConfigurationList;
			buildConfigurations = (
				CC6C2FE4242FBC6000401937 /* Debug */,
				CC6C2FE5242FBC6000401937 /* Release */,
			);
			defaultConfigurationIsVisible = 0;
			defaultConfigurationName = Release;
		};
		CC6C2FE6242FBC6000401937 /* Build configuration list for PBXNativeTarget "Get2It" */ = {
			isa = XCConfigurationList;
			buildConfigurations = (
				CC6C2FE7242FBC6000401937 /* Debug */,
				CC6C2FE8242FBC6000401937 /* Release */,
			);
			defaultConfigurationIsVisible = 0;
			defaultConfigurationName = Release;
		};
/* End XCConfigurationList section */
	};
	rootObject = CC6C2FCA242FBC5D00401937 /* Project object */;
}
